// !$*UTF8*$!
{
	archiveVersion = 1;
	classes = {
	};
	objectVersion = 50;
	objects = {

/* Begin PBXBuildFile section */
		080FC1C4250FA1D400C7A8DA /* AppDelegate.swift in Sources */ = {isa = PBXBuildFile; fileRef = 080FC1C3250FA1D400C7A8DA /* AppDelegate.swift */; };
		080FC1C6250FA1D400C7A8DA /* SceneDelegate.swift in Sources */ = {isa = PBXBuildFile; fileRef = 080FC1C5250FA1D400C7A8DA /* SceneDelegate.swift */; };
		080FC1C8250FA1D400C7A8DA /* ViewController.swift in Sources */ = {isa = PBXBuildFile; fileRef = 080FC1C7250FA1D400C7A8DA /* ViewController.swift */; };
		080FC1CB250FA1D400C7A8DA /* Main.storyboard in Resources */ = {isa = PBXBuildFile; fileRef = 080FC1C9250FA1D400C7A8DA /* Main.storyboard */; };
		080FC1CD250FA1D600C7A8DA /* Assets.xcassets in Resources */ = {isa = PBXBuildFile; fileRef = 080FC1CC250FA1D600C7A8DA /* Assets.xcassets */; };
		080FC1D0250FA1D600C7A8DA /* LaunchScreen.storyboard in Resources */ = {isa = PBXBuildFile; fileRef = 080FC1CE250FA1D600C7A8DA /* LaunchScreen.storyboard */; };
/* End PBXBuildFile section */

/* Begin PBXFileReference section */
		080FC1C0250FA1D400C7A8DA /* Paste_N_Post_Tuto.app */ = {isa = PBXFileReference; explicitFileType = wrapper.application; includeInIndex = 0; path = Paste_N_Post_Tuto.app; sourceTree = BUILT_PRODUCTS_DIR; };
		080FC1C3250FA1D400C7A8DA /* AppDelegate.swift */ = {isa = PBXFileReference; lastKnownFileType = sourcecode.swift; path = AppDelegate.swift; sourceTree = "<group>"; };
		080FC1C5250FA1D400C7A8DA /* SceneDelegate.swift */ = {isa = PBXFileReference; lastKnownFileType = sourcecode.swift; path = SceneDelegate.swift; sourceTree = "<group>"; };
		080FC1C7250FA1D400C7A8DA /* ViewController.swift */ = {isa = PBXFileReference; lastKnownFileType = sourcecode.swift; path = ViewController.swift; sourceTree = "<group>"; };
		080FC1CA250FA1D400C7A8DA /* Base */ = {isa = PBXFileReference; lastKnownFileType = file.storyboard; name = Base; path = Base.lproj/Main.storyboard; sourceTree = "<group>"; };
		080FC1CC250FA1D600C7A8DA /* Assets.xcassets */ = {isa = PBXFileReference; lastKnownFileType = folder.assetcatalog; path = Assets.xcassets; sourceTree = "<group>"; };
		080FC1CF250FA1D600C7A8DA /* Base */ = {isa = PBXFileReference; lastKnownFileType = file.storyboard; name = Base; path = Base.lproj/LaunchScreen.storyboard; sourceTree = "<group>"; };
		080FC1D1250FA1D600C7A8DA /* Info.plist */ = {isa = PBXFileReference; lastKnownFileType = text.plist.xml; path = Info.plist; sourceTree = "<group>"; };
/* End PBXFileReference section */

/* Begin PBXFrameworksBuildPhase section */
		080FC1BD250FA1D400C7A8DA /* Frameworks */ = {
			isa = PBXFrameworksBuildPhase;
			buildActionMask = 2147483647;
			files = (
			);
			runOnlyForDeploymentPostprocessing = 0;
		};
/* End PBXFrameworksBuildPhase section */

/* Begin PBXGroup section */
		080FC1B7250FA1D400C7A8DA = {
			isa = PBXGroup;
			children = (
				080FC1C2250FA1D400C7A8DA /* Paste_N_Post_Tuto */,
				080FC1C1250FA1D400C7A8DA /* Products */,
			);
			sourceTree = "<group>";
		};
		080FC1C1250FA1D400C7A8DA /* Products */ = {
			isa = PBXGroup;
			children = (
				080FC1C0250FA1D400C7A8DA /* Paste_N_Post_Tuto.app */,
			);
			name = Products;
			sourceTree = "<group>";
		};
		080FC1C2250FA1D400C7A8DA /* Paste_N_Post_Tuto */ = {
			isa = PBXGroup;
			children = (
				080FC1C3250FA1D400C7A8DA /* AppDelegate.swift */,
				080FC1C5250FA1D400C7A8DA /* SceneDelegate.swift */,
				080FC1C7250FA1D400C7A8DA /* ViewController.swift */,
				080FC1C9250FA1D400C7A8DA /* Main.storyboard */,
				080FC1CC250FA1D600C7A8DA /* Assets.xcassets */,
				080FC1CE250FA1D600C7A8DA /* LaunchScreen.storyboard */,
				080FC1D1250FA1D600C7A8DA /* Info.plist */,
			);
			path = Paste_N_Post_Tuto;
			sourceTree = "<group>";
		};
/* End PBXGroup section */

/* Begin PBXNativeTarget section */
		080FC1BF250FA1D400C7A8DA /* Paste_N_Post_Tuto */ = {
			isa = PBXNativeTarget;
			buildConfigurationList = 080FC1D4250FA1D600C7A8DA /* Build configuration list for PBXNativeTarget "Paste_N_Post_Tuto" */;
			buildPhases = (
				080FC1BC250FA1D400C7A8DA /* Sources */,
				080FC1BD250FA1D400C7A8DA /* Frameworks */,
				080FC1BE250FA1D400C7A8DA /* Resources */,
			);
			buildRules = (
			);
			dependencies = (
			);
			name = Paste_N_Post_Tuto;
			productName = Paste_N_Post_Tuto;
			productReference = 080FC1C0250FA1D400C7A8DA /* Paste_N_Post_Tuto.app */;
			productType = "com.apple.product-type.application";
		};
/* End PBXNativeTarget section */

/* Begin PBXProject section */
		080FC1B8250FA1D400C7A8DA /* Project object */ = {
			isa = PBXProject;
			attributes = {
				LastSwiftUpdateCheck = 1170;
				LastUpgradeCheck = 1170;
				ORGANIZATIONNAME = "yoon tae soo";
				TargetAttributes = {
					080FC1BF250FA1D400C7A8DA = {
						CreatedOnToolsVersion = 11.7;
					};
				};
			};
			buildConfigurationList = 080FC1BB250FA1D400C7A8DA /* Build configuration list for PBXProject "Paste_N_Post_Tuto" */;
			compatibilityVersion = "Xcode 9.3";
			developmentRegion = en;
			hasScannedForEncodings = 0;
			knownRegions = (
				en,
				Base,
			);
			mainGroup = 080FC1B7250FA1D400C7A8DA;
			productRefGroup = 080FC1C1250FA1D400C7A8DA /* Products */;
			projectDirPath = "";
			projectRoot = "";
			targets = (
				080FC1BF250FA1D400C7A8DA /* Paste_N_Post_Tuto */,
			);
		};
/* End PBXProject section */

/* Begin PBXResourcesBuildPhase section */
		080FC1BE250FA1D400C7A8DA /* Resources */ = {
			isa = PBXResourcesBuildPhase;
			buildActionMask = 2147483647;
			files = (
				080FC1D0250FA1D600C7A8DA /* LaunchScreen.storyboard in Resources */,
				080FC1CD250FA1D600C7A8DA /* Assets.xcassets in Resources */,
				080FC1CB250FA1D400C7A8DA /* Main.storyboard in Resources */,
			);
			runOnlyForDeploymentPostprocessing = 0;
		};
/* End PBXResourcesBuildPhase section */

/* Begin PBXSourcesBuildPhase section */
		080FC1BC250FA1D400C7A8DA /* Sources */ = {
			isa = PBXSourcesBuildPhase;
			buildActionMask = 2147483647;
			files = (
				080FC1C8250FA1D400C7A8DA /* ViewController.swift in Sources */,
				080FC1C4250FA1D400C7A8DA /* AppDelegate.swift in Sources */,
				080FC1C6250FA1D400C7A8DA /* SceneDelegate.swift in Sources */,
			);
			runOnlyForDeploymentPostprocessing = 0;
		};
/* End PBXSourcesBuildPhase section */

/* Begin PBXVariantGroup section */
		080FC1C9250FA1D400C7A8DA /* Main.storyboard */ = {
			isa = PBXVariantGroup;
			children = (
				080FC1CA250FA1D400C7A8DA /* Base */,
			);
			name = Main.storyboard;
			sourceTree = "<group>";
		};
		080FC1CE250FA1D600C7A8DA /* LaunchScreen.storyboard */ = {
			isa = PBXVariantGroup;
			children = (
				080FC1CF250FA1D600C7A8DA /* Base */,
			);
			name = LaunchScreen.storyboard;
			sourceTree = "<group>";
		};
/* End PBXVariantGroup section */

/* Begin XCBuildConfiguration section */
		080FC1D2250FA1D600C7A8DA /* Debug */ = {
			isa = XCBuildConfiguration;
			buildSettings = {
				ALWAYS_SEARCH_USER_PATHS = NO;
				CLANG_ANALYZER_NONNULL = YES;
				CLANG_ANALYZER_NUMBER_OBJECT_CONVERSION = YES_AGGRESSIVE;
				CLANG_CXX_LANGUAGE_STANDARD = "gnu++14";
				CLANG_CXX_LIBRARY = "libc++";
				CLANG_ENABLE_MODULES = YES;
				CLANG_ENABLE_OBJC_ARC = YES;
				CLANG_ENABLE_OBJC_WEAK = YES;
				CLANG_WARN_BLOCK_CAPTURE_AUTORELEASING = YES;
				CLANG_WARN_BOOL_CONVERSION = YES;
				CLANG_WARN_COMMA = YES;
				CLANG_WARN_CONSTANT_CONVERSION = YES;
				CLANG_WARN_DEPRECATED_OBJC_IMPLEMENTATIONS = YES;
				CLANG_WARN_DIRECT_OBJC_ISA_USAGE = YES_ERROR;
				CLANG_WARN_DOCUMENTATION_COMMENTS = YES;
				CLANG_WARN_EMPTY_BODY = YES;
				CLANG_WARN_ENUM_CONVERSION = YES;
				CLANG_WARN_INFINITE_RECURSION = YES;
				CLANG_WARN_INT_CONVERSION = YES;
				CLANG_WARN_NON_LITERAL_NULL_CONVERSION = YES;
				CLANG_WARN_OBJC_IMPLICIT_RETAIN_SELF = YES;
				CLANG_WARN_OBJC_LITERAL_CONVERSION = YES;
				CLANG_WARN_OBJC_ROOT_CLASS = YES_ERROR;
				CLANG_WARN_RANGE_LOOP_ANALYSIS = YES;
				CLANG_WARN_STRICT_PROTOTYPES = YES;
				CLANG_WARN_SUSPICIOUS_MOVE = YES;
				CLANG_WARN_UNGUARDED_AVAILABILITY = YES_AGGRESSIVE;
				CLANG_WARN_UNREACHABLE_CODE = YES;
				CLANG_WARN__DUPLICATE_METHOD_MATCH = YES;
				COPY_PHASE_STRIP = NO;
				DEBUG_INFORMATION_FORMAT = dwarf;
				ENABLE_STRICT_OBJC_MSGSEND = YES;
				ENABLE_TESTABILITY = YES;
				GCC_C_LANGUAGE_STANDARD = gnu11;
				GCC_DYNAMIC_NO_PIC = NO;
				GCC_NO_COMMON_BLOCKS = YES;
				GCC_OPTIMIZATION_LEVEL = 0;
				GCC_PREPROCESSOR_DEFINITIONS = (
					"DEBUG=1",
					"$(inherited)",
				);
				GCC_WARN_64_TO_32_BIT_CONVERSION = YES;
				GCC_WARN_ABOUT_RETURN_TYPE = YES_ERROR;
				GCC_WARN_UNDECLARED_SELECTOR = YES;
				GCC_WARN_UNINITIALIZED_AUTOS = YES_AGGRESSIVE;
				GCC_WARN_UNUSED_FUNCTION = YES;
				GCC_WARN_UNUSED_VARIABLE = YES;
				IPHONEOS_DEPLOYMENT_TARGET = 13.7;
				MTL_ENABLE_DEBUG_INFO = INCLUDE_SOURCE;
				MTL_FAST_MATH = YES;
				ONLY_ACTIVE_ARCH = YES;
				SDKROOT = iphoneos;
				SWIFT_ACTIVE_COMPILATION_CONDITIONS = DEBUG;
				SWIFT_OPTIMIZATION_LEVEL = "-Onone";
			};
			name = Debug;
		};
		080FC1D3250FA1D600C7A8DA /* Release */ = {
			isa = XCBuildConfiguration;
			buildSettings = {
				ALWAYS_SEARCH_USER_PATHS = NO;
				CLANG_ANALYZER_NONNULL = YES;
				CLANG_ANALYZER_NUMBER_OBJECT_CONVERSION = YES_AGGRESSIVE;
				CLANG_CXX_LANGUAGE_STANDARD = "gnu++14";
				CLANG_CXX_LIBRARY = "libc++";
				CLANG_ENABLE_MODULES = YES;
				CLANG_ENABLE_OBJC_ARC = YES;
				CLANG_ENABLE_OBJC_WEAK = YES;
				CLANG_WARN_BLOCK_CAPTURE_AUTORELEASING = YES;
				CLANG_WARN_BOOL_CONVERSION = YES;
				CLANG_WARN_COMMA = YES;
				CLANG_WARN_CONSTANT_CONVERSION = YES;
				CLANG_WARN_DEPRECATED_OBJC_IMPLEMENTATIONS = YES;
				CLANG_WARN_DIRECT_OBJC_ISA_USAGE = YES_ERROR;
				CLANG_WARN_DOCUMENTATION_COMMENTS = YES;
				CLANG_WARN_EMPTY_BODY = YES;
				CLANG_WARN_ENUM_CONVERSION = YES;
				CLANG_WARN_INFINITE_RECURSION = YES;
				CLANG_WARN_INT_CONVERSION = YES;
				CLANG_WARN_NON_LITERAL_NULL_CONVERSION = YES;
				CLANG_WARN_OBJC_IMPLICIT_RETAIN_SELF = YES;
				CLANG_WARN_OBJC_LITERAL_CONVERSION = YES;
				CLANG_WARN_OBJC_ROOT_CLASS = YES_ERROR;
				CLANG_WARN_RANGE_LOOP_ANALYSIS = YES;
				CLANG_WARN_STRICT_PROTOTYPES = YES;
				CLANG_WARN_SUSPICIOUS_MOVE = YES;
				CLANG_WARN_UNGUARDED_AVAILABILITY = YES_AGGRESSIVE;
				CLANG_WARN_UNREACHABLE_CODE = YES;
				CLANG_WARN__DUPLICATE_METHOD_MATCH = YES;
				COPY_PHASE_STRIP = NO;
				DEBUG_INFORMATION_FORMAT = "dwarf-with-dsym";
				ENABLE_NS_ASSERTIONS = NO;
				ENABLE_STRICT_OBJC_MSGSEND = YES;
				GCC_C_LANGUAGE_STANDARD = gnu11;
				GCC_NO_COMMON_BLOCKS = YES;
				GCC_WARN_64_TO_32_BIT_CONVERSION = YES;
				GCC_WARN_ABOUT_RETURN_TYPE = YES_ERROR;
				GCC_WARN_UNDECLARED_SELECTOR = YES;
				GCC_WARN_UNINITIALIZED_AUTOS = YES_AGGRESSIVE;
				GCC_WARN_UNUSED_FUNCTION = YES;
				GCC_WARN_UNUSED_VARIABLE = YES;
				IPHONEOS_DEPLOYMENT_TARGET = 13.7;
				MTL_ENABLE_DEBUG_INFO = NO;
				MTL_FAST_MATH = YES;
				SDKROOT = iphoneos;
				SWIFT_COMPILATION_MODE = wholemodule;
				SWIFT_OPTIMIZATION_LEVEL = "-O";
				VALIDATE_PRODUCT = YES;
			};
			name = Release;
		};
		080FC1D5250FA1D600C7A8DA /* Debug */ = {
			isa = XCBuildConfiguration;
			buildSettings = {
				ASSETCATALOG_COMPILER_APPICON_NAME = AppIcon;
				CODE_SIGN_STYLE = Automatic;
				INFOPLIST_FILE = Paste_N_Post_Tuto/Info.plist;
				LD_RUNPATH_SEARCH_PATHS = (
					"$(inherited)",
					"@executable_path/Frameworks",
				);
				PRODUCT_BUNDLE_IDENTIFIER = "tae-soo.Paste-N-Post-Tuto";
				PRODUCT_NAME = "$(TARGET_NAME)";
				SWIFT_VERSION = 5.0;
				TARGETED_DEVICE_FAMILY = "1,2";
			};
			name = Debug;
		};
		080FC1D6250FA1D600C7A8DA /* Release */ = {
			isa = XCBuildConfiguration;
			buildSettings = {
				ASSETCATALOG_COMPILER_APPICON_NAME = AppIcon;
				CODE_SIGN_STYLE = Automatic;
				INFOPLIST_FILE = Paste_N_Post_Tuto/Info.plist;
				LD_RUNPATH_SEARCH_PATHS = (
					"$(inherited)",
					"@executable_path/Frameworks",
				);
				PRODUCT_BUNDLE_IDENTIFIER = "tae-soo.Paste-N-Post-Tuto";
				PRODUCT_NAME = "$(TARGET_NAME)";
				SWIFT_VERSION = 5.0;
				TARGETED_DEVICE_FAMILY = "1,2";
			};
			name = Release;
		};
/* End XCBuildConfiguration section */

/* Begin XCConfigurationList section */
		080FC1BB250FA1D400C7A8DA /* Build configuration list for PBXProject "Paste_N_Post_Tuto" */ = {
			isa = XCConfigurationList;
			buildConfigurations = (
				080FC1D2250FA1D600C7A8DA /* Debug */,
				080FC1D3250FA1D600C7A8DA /* Release */,
			);
			defaultConfigurationIsVisible = 0;
			defaultConfigurationName = Release;
		};
		080FC1D4250FA1D600C7A8DA /* Build configuration list for PBXNativeTarget "Paste_N_Post_Tuto" */ = {
			isa = XCConfigurationList;
			buildConfigurations = (
				080FC1D5250FA1D600C7A8DA /* Debug */,
				080FC1D6250FA1D600C7A8DA /* Release */,
			);
			defaultConfigurationIsVisible = 0;
			defaultConfigurationName = Release;
		};
/* End XCConfigurationList section */
	};
	rootObject = 080FC1B8250FA1D400C7A8DA /* Project object */;
}
