// !$*UTF8*$!
{
	archiveVersion = 1;
	classes = {
	};
	objectVersion = 50;
	objects = {

/* Begin PBXBuildFile section */
		08552A9F24E81F2A0049204A /* AppDelegate.swift in Sources */ = {isa = PBXBuildFile; fileRef = 08552A9E24E81F2A0049204A /* AppDelegate.swift */; };
		08552AA124E81F2A0049204A /* SceneDelegate.swift in Sources */ = {isa = PBXBuildFile; fileRef = 08552AA024E81F2A0049204A /* SceneDelegate.swift */; };
		08552AA324E81F2A0049204A /* ViewController.swift in Sources */ = {isa = PBXBuildFile; fileRef = 08552AA224E81F2A0049204A /* ViewController.swift */; };
		08552AA624E81F2A0049204A /* Main.storyboard in Resources */ = {isa = PBXBuildFile; fileRef = 08552AA424E81F2A0049204A /* Main.storyboard */; };
		08552AA824E81F2F0049204A /* Assets.xcassets in Resources */ = {isa = PBXBuildFile; fileRef = 08552AA724E81F2F0049204A /* Assets.xcassets */; };
		08552AAB24E81F2F0049204A /* LaunchScreen.storyboard in Resources */ = {isa = PBXBuildFile; fileRef = 08552AA924E81F2F0049204A /* LaunchScreen.storyboard */; };
		08552AB324E8202A0049204A /* PageViewController.swift in Sources */ = {isa = PBXBuildFile; fileRef = 08552AB224E8202A0049204A /* PageViewController.swift */; };
		08552AB524E823230049204A /* BlueViewController.swift in Sources */ = {isa = PBXBuildFile; fileRef = 08552AB424E823230049204A /* BlueViewController.swift */; };
		08552AB724E823320049204A /* RedViewController.swift in Sources */ = {isa = PBXBuildFile; fileRef = 08552AB624E823320049204A /* RedViewController.swift */; };
		08552ABA24E82C1D0049204A /* MainViewController.swift in Sources */ = {isa = PBXBuildFile; fileRef = 08552AB924E82C1D0049204A /* MainViewController.swift */; };
/* End PBXBuildFile section */

/* Begin PBXFileReference section */
		08552A9B24E81F2A0049204A /* PageViewController.app */ = {isa = PBXFileReference; explicitFileType = wrapper.application; includeInIndex = 0; path = PageViewController.app; sourceTree = BUILT_PRODUCTS_DIR; };
		08552A9E24E81F2A0049204A /* AppDelegate.swift */ = {isa = PBXFileReference; lastKnownFileType = sourcecode.swift; path = AppDelegate.swift; sourceTree = "<group>"; };
		08552AA024E81F2A0049204A /* SceneDelegate.swift */ = {isa = PBXFileReference; lastKnownFileType = sourcecode.swift; path = SceneDelegate.swift; sourceTree = "<group>"; };
		08552AA224E81F2A0049204A /* ViewController.swift */ = {isa = PBXFileReference; lastKnownFileType = sourcecode.swift; path = ViewController.swift; sourceTree = "<group>"; };
		08552AA524E81F2A0049204A /* Base */ = {isa = PBXFileReference; lastKnownFileType = file.storyboard; name = Base; path = Base.lproj/Main.storyboard; sourceTree = "<group>"; };
		08552AA724E81F2F0049204A /* Assets.xcassets */ = {isa = PBXFileReference; lastKnownFileType = folder.assetcatalog; path = Assets.xcassets; sourceTree = "<group>"; };
		08552AAA24E81F2F0049204A /* Base */ = {isa = PBXFileReference; lastKnownFileType = file.storyboard; name = Base; path = Base.lproj/LaunchScreen.storyboard; sourceTree = "<group>"; };
		08552AAC24E81F2F0049204A /* Info.plist */ = {isa = PBXFileReference; lastKnownFileType = text.plist.xml; path = Info.plist; sourceTree = "<group>"; };
		08552AB224E8202A0049204A /* PageViewController.swift */ = {isa = PBXFileReference; lastKnownFileType = sourcecode.swift; path = PageViewController.swift; sourceTree = "<group>"; };
		08552AB424E823230049204A /* BlueViewController.swift */ = {isa = PBXFileReference; lastKnownFileType = sourcecode.swift; path = BlueViewController.swift; sourceTree = "<group>"; };
		08552AB624E823320049204A /* RedViewController.swift */ = {isa = PBXFileReference; lastKnownFileType = sourcecode.swift; path = RedViewController.swift; sourceTree = "<group>"; };
		08552AB924E82C1D0049204A /* MainViewController.swift */ = {isa = PBXFileReference; lastKnownFileType = sourcecode.swift; path = MainViewController.swift; sourceTree = "<group>"; };
/* End PBXFileReference section */

/* Begin PBXFrameworksBuildPhase section */
		08552A9824E81F2A0049204A /* Frameworks */ = {
			isa = PBXFrameworksBuildPhase;
			buildActionMask = 2147483647;
			files = (
			);
			runOnlyForDeploymentPostprocessing = 0;
		};
/* End PBXFrameworksBuildPhase section */

/* Begin PBXGroup section */
		08552A9224E81F2A0049204A = {
			isa = PBXGroup;
			children = (
				08552A9D24E81F2A0049204A /* PageViewController */,
				08552A9C24E81F2A0049204A /* Products */,
			);
			sourceTree = "<group>";
		};
		08552A9C24E81F2A0049204A /* Products */ = {
			isa = PBXGroup;
			children = (
				08552A9B24E81F2A0049204A /* PageViewController.app */,
			);
			name = Products;
			sourceTree = "<group>";
		};
		08552A9D24E81F2A0049204A /* PageViewController */ = {
			isa = PBXGroup;
			children = (
				08552AB824E823460049204A /* ViewControllers */,
				08552A9E24E81F2A0049204A /* AppDelegate.swift */,
				08552AA024E81F2A0049204A /* SceneDelegate.swift */,
				08552AA424E81F2A0049204A /* Main.storyboard */,
				08552AA724E81F2F0049204A /* Assets.xcassets */,
				08552AA924E81F2F0049204A /* LaunchScreen.storyboard */,
				08552AAC24E81F2F0049204A /* Info.plist */,
				08552AB924E82C1D0049204A /* MainViewController.swift */,
			);
			path = PageViewController;
			sourceTree = "<group>";
		};
		08552AB824E823460049204A /* ViewControllers */ = {
			isa = PBXGroup;
			children = (
				08552AB224E8202A0049204A /* PageViewController.swift */,
				08552AB424E823230049204A /* BlueViewController.swift */,
				08552AB624E823320049204A /* RedViewController.swift */,
				08552AA224E81F2A0049204A /* ViewController.swift */,
			);
			path = ViewControllers;
			sourceTree = "<group>";
		};
/* End PBXGroup section */

/* Begin PBXNativeTarget section */
		08552A9A24E81F2A0049204A /* PageViewController */ = {
			isa = PBXNativeTarget;
			buildConfigurationList = 08552AAF24E81F2F0049204A /* Build configuration list for PBXNativeTarget "PageViewController" */;
			buildPhases = (
				08552A9724E81F2A0049204A /* Sources */,
				08552A9824E81F2A0049204A /* Frameworks */,
				08552A9924E81F2A0049204A /* Resources */,
			);
			buildRules = (
			);
			dependencies = (
			);
			name = PageViewController;
			productName = PageViewController;
			productReference = 08552A9B24E81F2A0049204A /* PageViewController.app */;
			productType = "com.apple.product-type.application";
		};
/* End PBXNativeTarget section */

/* Begin PBXProject section */
		08552A9324E81F2A0049204A /* Project object */ = {
			isa = PBXProject;
			attributes = {
				LastSwiftUpdateCheck = 1160;
				LastUpgradeCheck = 1160;
				ORGANIZATIONNAME = "yoon tae soo";
				TargetAttributes = {
					08552A9A24E81F2A0049204A = {
						CreatedOnToolsVersion = 11.6;
					};
				};
			};
			buildConfigurationList = 08552A9624E81F2A0049204A /* Build configuration list for PBXProject "PageViewController" */;
			compatibilityVersion = "Xcode 9.3";
			developmentRegion = en;
			hasScannedForEncodings = 0;
			knownRegions = (
				en,
				Base,
			);
			mainGroup = 08552A9224E81F2A0049204A;
			productRefGroup = 08552A9C24E81F2A0049204A /* Products */;
			projectDirPath = "";
			projectRoot = "";
			targets = (
				08552A9A24E81F2A0049204A /* PageViewController */,
			);
		};
/* End PBXProject section */

/* Begin PBXResourcesBuildPhase section */
		08552A9924E81F2A0049204A /* Resources */ = {
			isa = PBXResourcesBuildPhase;
			buildActionMask = 2147483647;
			files = (
				08552AAB24E81F2F0049204A /* LaunchScreen.storyboard in Resources */,
				08552AA824E81F2F0049204A /* Assets.xcassets in Resources */,
				08552AA624E81F2A0049204A /* Main.storyboard in Resources */,
			);
			runOnlyForDeploymentPostprocessing = 0;
		};
/* End PBXResourcesBuildPhase section */

/* Begin PBXSourcesBuildPhase section */
		08552A9724E81F2A0049204A /* Sources */ = {
			isa = PBXSourcesBuildPhase;
			buildActionMask = 2147483647;
			files = (
				08552ABA24E82C1D0049204A /* MainViewController.swift in Sources */,
				08552AA324E81F2A0049204A /* ViewController.swift in Sources */,
				08552A9F24E81F2A0049204A /* AppDelegate.swift in Sources */,
				08552AA124E81F2A0049204A /* SceneDelegate.swift in Sources */,
				08552AB524E823230049204A /* BlueViewController.swift in Sources */,
				08552AB724E823320049204A /* RedViewController.swift in Sources */,
				08552AB324E8202A0049204A /* PageViewController.swift in Sources */,
			);
			runOnlyForDeploymentPostprocessing = 0;
		};
/* End PBXSourcesBuildPhase section */

/* Begin PBXVariantGroup section */
		08552AA424E81F2A0049204A /* Main.storyboard */ = {
			isa = PBXVariantGroup;
			children = (
				08552AA524E81F2A0049204A /* Base */,
			);
			name = Main.storyboard;
			sourceTree = "<group>";
		};
		08552AA924E81F2F0049204A /* LaunchScreen.storyboard */ = {
			isa = PBXVariantGroup;
			children = (
				08552AAA24E81F2F0049204A /* Base */,
			);
			name = LaunchScreen.storyboard;
			sourceTree = "<group>";
		};
/* End PBXVariantGroup section */

/* Begin XCBuildConfiguration section */
		08552AAD24E81F2F0049204A /* Debug */ = {
			isa = XCBuildConfiguration;
			buildSettings = {
				ALWAYS_SEARCH_USER_PATHS = NO;
				CLANG_ANALYZER_NONNULL = YES;
				CLANG_ANALYZER_NUMBER_OBJECT_CONVERSION = YES_AGGRESSIVE;
				CLANG_CXX_LANGUAGE_STANDARD = "gnu++14";
				CLANG_CXX_LIBRARY = "libc++";
				CLANG_ENABLE_MODULES = YES;
				CLANG_ENABLE_OBJC_ARC = YES;
				CLANG_ENABLE_OBJC_WEAK = YES;
				CLANG_WARN_BLOCK_CAPTURE_AUTORELEASING = YES;
				CLANG_WARN_BOOL_CONVERSION = YES;
				CLANG_WARN_COMMA = YES;
				CLANG_WARN_CONSTANT_CONVERSION = YES;
				CLANG_WARN_DEPRECATED_OBJC_IMPLEMENTATIONS = YES;
				CLANG_WARN_DIRECT_OBJC_ISA_USAGE = YES_ERROR;
				CLANG_WARN_DOCUMENTATION_COMMENTS = YES;
				CLANG_WARN_EMPTY_BODY = YES;
				CLANG_WARN_ENUM_CONVERSION = YES;
				CLANG_WARN_INFINITE_RECURSION = YES;
				CLANG_WARN_INT_CONVERSION = YES;
				CLANG_WARN_NON_LITERAL_NULL_CONVERSION = YES;
				CLANG_WARN_OBJC_IMPLICIT_RETAIN_SELF = YES;
				CLANG_WARN_OBJC_LITERAL_CONVERSION = YES;
				CLANG_WARN_OBJC_ROOT_CLASS = YES_ERROR;
				CLANG_WARN_RANGE_LOOP_ANALYSIS = YES;
				CLANG_WARN_STRICT_PROTOTYPES = YES;
				CLANG_WARN_SUSPICIOUS_MOVE = YES;
				CLANG_WARN_UNGUARDED_AVAILABILITY = YES_AGGRESSIVE;
				CLANG_WARN_UNREACHABLE_CODE = YES;
				CLANG_WARN__DUPLICATE_METHOD_MATCH = YES;
				COPY_PHASE_STRIP = NO;
				DEBUG_INFORMATION_FORMAT = dwarf;
				ENABLE_STRICT_OBJC_MSGSEND = YES;
				ENABLE_TESTABILITY = YES;
				GCC_C_LANGUAGE_STANDARD = gnu11;
				GCC_DYNAMIC_NO_PIC = NO;
				GCC_NO_COMMON_BLOCKS = YES;
				GCC_OPTIMIZATION_LEVEL = 0;
				GCC_PREPROCESSOR_DEFINITIONS = (
					"DEBUG=1",
					"$(inherited)",
				);
				GCC_WARN_64_TO_32_BIT_CONVERSION = YES;
				GCC_WARN_ABOUT_RETURN_TYPE = YES_ERROR;
				GCC_WARN_UNDECLARED_SELECTOR = YES;
				GCC_WARN_UNINITIALIZED_AUTOS = YES_AGGRESSIVE;
				GCC_WARN_UNUSED_FUNCTION = YES;
				GCC_WARN_UNUSED_VARIABLE = YES;
				IPHONEOS_DEPLOYMENT_TARGET = 13.6;
				MTL_ENABLE_DEBUG_INFO = INCLUDE_SOURCE;
				MTL_FAST_MATH = YES;
				ONLY_ACTIVE_ARCH = YES;
				SDKROOT = iphoneos;
				SWIFT_ACTIVE_COMPILATION_CONDITIONS = DEBUG;
				SWIFT_OPTIMIZATION_LEVEL = "-Onone";
			};
			name = Debug;
		};
		08552AAE24E81F2F0049204A /* Release */ = {
			isa = XCBuildConfiguration;
			buildSettings = {
				ALWAYS_SEARCH_USER_PATHS = NO;
				CLANG_ANALYZER_NONNULL = YES;
				CLANG_ANALYZER_NUMBER_OBJECT_CONVERSION = YES_AGGRESSIVE;
				CLANG_CXX_LANGUAGE_STANDARD = "gnu++14";
				CLANG_CXX_LIBRARY = "libc++";
				CLANG_ENABLE_MODULES = YES;
				CLANG_ENABLE_OBJC_ARC = YES;
				CLANG_ENABLE_OBJC_WEAK = YES;
				CLANG_WARN_BLOCK_CAPTURE_AUTORELEASING = YES;
				CLANG_WARN_BOOL_CONVERSION = YES;
				CLANG_WARN_COMMA = YES;
				CLANG_WARN_CONSTANT_CONVERSION = YES;
				CLANG_WARN_DEPRECATED_OBJC_IMPLEMENTATIONS = YES;
				CLANG_WARN_DIRECT_OBJC_ISA_USAGE = YES_ERROR;
				CLANG_WARN_DOCUMENTATION_COMMENTS = YES;
				CLANG_WARN_EMPTY_BODY = YES;
				CLANG_WARN_ENUM_CONVERSION = YES;
				CLANG_WARN_INFINITE_RECURSION = YES;
				CLANG_WARN_INT_CONVERSION = YES;
				CLANG_WARN_NON_LITERAL_NULL_CONVERSION = YES;
				CLANG_WARN_OBJC_IMPLICIT_RETAIN_SELF = YES;
				CLANG_WARN_OBJC_LITERAL_CONVERSION = YES;
				CLANG_WARN_OBJC_ROOT_CLASS = YES_ERROR;
				CLANG_WARN_RANGE_LOOP_ANALYSIS = YES;
				CLANG_WARN_STRICT_PROTOTYPES = YES;
				CLANG_WARN_SUSPICIOUS_MOVE = YES;
				CLANG_WARN_UNGUARDED_AVAILABILITY = YES_AGGRESSIVE;
				CLANG_WARN_UNREACHABLE_CODE = YES;
				CLANG_WARN__DUPLICATE_METHOD_MATCH = YES;
				COPY_PHASE_STRIP = NO;
				DEBUG_INFORMATION_FORMAT = "dwarf-with-dsym";
				ENABLE_NS_ASSERTIONS = NO;
				ENABLE_STRICT_OBJC_MSGSEND = YES;
				GCC_C_LANGUAGE_STANDARD = gnu11;
				GCC_NO_COMMON_BLOCKS = YES;
				GCC_WARN_64_TO_32_BIT_CONVERSION = YES;
				GCC_WARN_ABOUT_RETURN_TYPE = YES_ERROR;
				GCC_WARN_UNDECLARED_SELECTOR = YES;
				GCC_WARN_UNINITIALIZED_AUTOS = YES_AGGRESSIVE;
				GCC_WARN_UNUSED_FUNCTION = YES;
				GCC_WARN_UNUSED_VARIABLE = YES;
				IPHONEOS_DEPLOYMENT_TARGET = 13.6;
				MTL_ENABLE_DEBUG_INFO = NO;
				MTL_FAST_MATH = YES;
				SDKROOT = iphoneos;
				SWIFT_COMPILATION_MODE = wholemodule;
				SWIFT_OPTIMIZATION_LEVEL = "-O";
				VALIDATE_PRODUCT = YES;
			};
			name = Release;
		};
		08552AB024E81F2F0049204A /* Debug */ = {
			isa = XCBuildConfiguration;
			buildSettings = {
				ASSETCATALOG_COMPILER_APPICON_NAME = AppIcon;
				CODE_SIGN_STYLE = Automatic;
				INFOPLIST_FILE = PageViewController/Info.plist;
				LD_RUNPATH_SEARCH_PATHS = (
					"$(inherited)",
					"@executable_path/Frameworks",
				);
				PRODUCT_BUNDLE_IDENTIFIER = "tae-soo.PageViewController";
				PRODUCT_NAME = "$(TARGET_NAME)";
				SWIFT_VERSION = 5.0;
				TARGETED_DEVICE_FAMILY = 1;
			};
			name = Debug;
		};
		08552AB124E81F2F0049204A /* Release */ = {
			isa = XCBuildConfiguration;
			buildSettings = {
				ASSETCATALOG_COMPILER_APPICON_NAME = AppIcon;
				CODE_SIGN_STYLE = Automatic;
				INFOPLIST_FILE = PageViewController/Info.plist;
				LD_RUNPATH_SEARCH_PATHS = (
					"$(inherited)",
					"@executable_path/Frameworks",
				);
				PRODUCT_BUNDLE_IDENTIFIER = "tae-soo.PageViewController";
				PRODUCT_NAME = "$(TARGET_NAME)";
				SWIFT_VERSION = 5.0;
				TARGETED_DEVICE_FAMILY = 1;
			};
			name = Release;
		};
/* End XCBuildConfiguration section */

/* Begin XCConfigurationList section */
		08552A9624E81F2A0049204A /* Build configuration list for PBXProject "PageViewController" */ = {
			isa = XCConfigurationList;
			buildConfigurations = (
				08552AAD24E81F2F0049204A /* Debug */,
				08552AAE24E81F2F0049204A /* Release */,
			);
			defaultConfigurationIsVisible = 0;
			defaultConfigurationName = Release;
		};
		08552AAF24E81F2F0049204A /* Build configuration list for PBXNativeTarget "PageViewController" */ = {
			isa = XCConfigurationList;
			buildConfigurations = (
				08552AB024E81F2F0049204A /* Debug */,
				08552AB124E81F2F0049204A /* Release */,
			);
			defaultConfigurationIsVisible = 0;
			defaultConfigurationName = Release;
		};
/* End XCConfigurationList section */
	};
	rootObject = 08552A9324E81F2A0049204A /* Project object */;
}
