PODS:
  - QRCodeReaderViewController (4.0.2)

DEPENDENCIES:
  - QRCodeReaderViewController (~> 4.0.2)

SPEC REPOS:
  trunk:
    - QRCodeReaderViewController

SPEC CHECKSUMS:
  QRCodeReaderViewController: e8f27d035b3e72b1d4b1c61ff66458287e3be0ff

PODFILE CHECKSUM: 2d7cf1c536ee1869273ccb2f35183a49623e919d

COCOAPODS: 1.9.1
